
Microsoft Visual Studio Solution File, Format Version 12.00
# Visual Studio Version 17
VisualStudioVersion = 17.14.36310.24 d17.14
MinimumVisualStudioVersion = 10.0.40219.1
Project("{FAE04EC0-301F-11D3-BF4B-00C04F79EFBC}") = "class2", "class2.csproj", "{442C1BED-66B6-4E15-A937-D7CBD30C610D}"
EndProject
Global
	GlobalSection(SolutionConfigurationPlatforms) = preSolution
		Debug|Any CPU = Debug|Any CPU
		Release|Any CPU = Release|Any CPU
	EndGlobalSection
	GlobalSection(ProjectConfigurationPlatforms) = postSolution
		{442C1BED-66B6-4E15-A937-D7CBD30C610D}.Debug|Any CPU.ActiveCfg = Debug|Any CPU
		{442C1BED-66B6-4E15-A937-D7CBD30C610D}.Debug|Any CPU.Build.0 = Debug|Any CPU
		{442C1BED-66B6-4E15-A937-D7CBD30C610D}.Release|Any CPU.ActiveCfg = Release|Any CPU
		{442C1BED-66B6-4E15-A937-D7CBD30C610D}.Release|Any CPU.Build.0 = Release|Any CPU
	EndGlobalSection
	GlobalSection(SolutionProperties) = preSolution
		HideSolutionNode = FALSE
	EndGlobalSection
	GlobalSection(ExtensibilityGlobals) = postSolution
		SolutionGuid = {66716FA8-BEE1-44E3-8A68-C99CE0C51C1F}
	EndGlobalSection
EndGlobal
