
Microsoft Visual Studio Solution File, Format Version 12.00
# Visual Studio Version 17
VisualStudioVersion = 17.14.36310.24 d17.14
MinimumVisualStudioVersion = 10.0.40219.1
Project("{FAE04EC0-301F-11D3-BF4B-00C04F79EFBC}") = "class5", "class5.csproj", "{380F9072-F061-4B01-9D24-7418480DC71E}"
EndProject
Global
	GlobalSection(SolutionConfigurationPlatforms) = preSolution
		Debug|Any CPU = Debug|Any CPU
		Release|Any CPU = Release|Any CPU
	EndGlobalSection
	GlobalSection(ProjectConfigurationPlatforms) = postSolution
		{380F9072-F061-4B01-9D24-7418480DC71E}.Debug|Any CPU.ActiveCfg = Debug|Any CPU
		{380F9072-F061-4B01-9D24-7418480DC71E}.Debug|Any CPU.Build.0 = Debug|Any CPU
		{380F9072-F061-4B01-9D24-7418480DC71E}.Release|Any CPU.ActiveCfg = Release|Any CPU
		{380F9072-F061-4B01-9D24-7418480DC71E}.Release|Any CPU.Build.0 = Release|Any CPU
	EndGlobalSection
	GlobalSection(SolutionProperties) = preSolution
		HideSolutionNode = FALSE
	EndGlobalSection
	GlobalSection(ExtensibilityGlobals) = postSolution
		SolutionGuid = {D4D7C7BA-E3C2-4AB7-B5C5-B40BDEBB17B9}
	EndGlobalSection
EndGlobal
